
Microsoft Visual Studio Solution File, Format Version 12.00
# Visual Studio 15
VisualStudioVersion = 15.0.27130.2010
MinimumVisualStudioVersion = 10.0.40219.1
Project("{8BC9CEB8-8B4A-11D0-8D11-00A0C91BC942}") = "Turing_Machine", "Turing_Machine\Turing_Machine.vcxproj", "{F38084EA-75E0-42B4-A87A-06CE88053664}"
EndProject
Global
	GlobalSection(SolutionConfigurationPlatforms) = preSolution
		Debug|x64 = Debug|x64
		Debug|x86 = Debug|x86
		Release|x64 = Release|x64
		Release|x86 = Release|x86
	EndGlobalSection
	GlobalSection(ProjectConfigurationPlatforms) = postSolution
		{F38084EA-75E0-42B4-A87A-06CE88053664}.Debug|x64.ActiveCfg = Debug|x64
		{F38084EA-75E0-42B4-A87A-06CE88053664}.Debug|x64.Build.0 = Debug|x64
		{F38084EA-75E0-42B4-A87A-06CE88053664}.Debug|x86.ActiveCfg = Debug|Win32
		{F38084EA-75E0-42B4-A87A-06CE88053664}.Debug|x86.Build.0 = Debug|Win32
		{F38084EA-75E0-42B4-A87A-06CE88053664}.Release|x64.ActiveCfg = Release|x64
		{F38084EA-75E0-42B4-A87A-06CE88053664}.Release|x64.Build.0 = Release|x64
		{F38084EA-75E0-42B4-A87A-06CE88053664}.Release|x86.ActiveCfg = Release|Win32
		{F38084EA-75E0-42B4-A87A-06CE88053664}.Release|x86.Build.0 = Release|Win32
	EndGlobalSection
	GlobalSection(SolutionProperties) = preSolution
		HideSolutionNode = FALSE
	EndGlobalSection
	GlobalSection(ExtensibilityGlobals) = postSolution
		SolutionGuid = {0B38C1C4-40BD-4E1A-BFC9-5C48FED3585E}
	EndGlobalSection
EndGlobal
